Microsoft Visual Studio Solution File, Format Version 12.00
# Visual Studio Version 17
VisualStudioVersion = 17.5.2.0
MinimumVisualStudioVersion = 10.0.40219.1
Project("{FAE04EC0-301F-11D3-BF4B-00C04F79EFBC}") = "PaperMind", "PaperMind.csproj", "{5A040025-88CB-9E0D-7FB4-2F8E90489F94}"
EndProject
Global
	GlobalSection(SolutionConfigurationPlatforms) = preSolution
		Debug|Any CPU = Debug|Any CPU
		Release|Any CPU = Release|Any CPU
	EndGlobalSection
	GlobalSection(ProjectConfigurationPlatforms) = postSolution
		{5A040025-88CB-9E0D-7FB4-2F8E90489F94}.Debug|Any CPU.ActiveCfg = Debug|Any CPU
		{5A040025-88CB-9E0D-7FB4-2F8E90489F94}.Debug|Any CPU.Build.0 = Debug|Any CPU
		{5A040025-88CB-9E0D-7FB4-2F8E90489F94}.Release|Any CPU.ActiveCfg = Release|Any CPU
		{5A040025-88CB-9E0D-7FB4-2F8E90489F94}.Release|Any CPU.Build.0 = Release|Any CPU
	EndGlobalSection
	GlobalSection(SolutionProperties) = preSolution
		HideSolutionNode = FALSE
	EndGlobalSection
	GlobalSection(ExtensibilityGlobals) = postSolution
		SolutionGuid = {6E8C7B08-17AE-45BA-96BD-DD3E3A1DF507}
	EndGlobalSection
EndGlobal
